
Microsoft Visual Studio Solution File, Format Version 12.00
# Visual Studio Version 16
VisualStudioVersion = 16.0.31025.194
MinimumVisualStudioVersion = 10.0.40219.1
Project("{FAE04EC0-301F-11D3-BF4B-00C04F79EFBC}") = "Cryptex", "Cryptex\Cryptex.csproj", "{2DC8ACCD-2140-4947-A784-9A7BE4DC5DFD}"
EndProject
Project("{FAE04EC0-301F-11D3-BF4B-00C04F79EFBC}") = "Cryptex.Services", "Cryptex.Services\Cryptex.Services.csproj", "{47CB0285-5351-46B7-9006-7E8493E4017A}"
EndProject
Project("{FAE04EC0-301F-11D3-BF4B-00C04F79EFBC}") = "Cryptex.Tests", "Cryptex.Tests\Cryptex.Tests.csproj", "{FD6B0A91-4FB8-4029-8D97-C2ABD91AC6CA}"
EndProject
Global
	GlobalSection(SolutionConfigurationPlatforms) = preSolution
		Debug|Any CPU = Debug|Any CPU
		Release|Any CPU = Release|Any CPU
	EndGlobalSection
	GlobalSection(ProjectConfigurationPlatforms) = postSolution
		{2DC8ACCD-2140-4947-A784-9A7BE4DC5DFD}.Debug|Any CPU.ActiveCfg = Debug|Any CPU
		{2DC8ACCD-2140-4947-A784-9A7BE4DC5DFD}.Debug|Any CPU.Build.0 = Debug|Any CPU
		{2DC8ACCD-2140-4947-A784-9A7BE4DC5DFD}.Release|Any CPU.ActiveCfg = Release|Any CPU
		{2DC8ACCD-2140-4947-A784-9A7BE4DC5DFD}.Release|Any CPU.Build.0 = Release|Any CPU
		{47CB0285-5351-46B7-9006-7E8493E4017A}.Debug|Any CPU.ActiveCfg = Debug|Any CPU
		{47CB0285-5351-46B7-9006-7E8493E4017A}.Debug|Any CPU.Build.0 = Debug|Any CPU
		{47CB0285-5351-46B7-9006-7E8493E4017A}.Release|Any CPU.ActiveCfg = Release|Any CPU
		{47CB0285-5351-46B7-9006-7E8493E4017A}.Release|Any CPU.Build.0 = Release|Any CPU
		{FD6B0A91-4FB8-4029-8D97-C2ABD91AC6CA}.Debug|Any CPU.ActiveCfg = Debug|Any CPU
		{FD6B0A91-4FB8-4029-8D97-C2ABD91AC6CA}.Debug|Any CPU.Build.0 = Debug|Any CPU
		{FD6B0A91-4FB8-4029-8D97-C2ABD91AC6CA}.Release|Any CPU.ActiveCfg = Release|Any CPU
		{FD6B0A91-4FB8-4029-8D97-C2ABD91AC6CA}.Release|Any CPU.Build.0 = Release|Any CPU
	EndGlobalSection
	GlobalSection(SolutionProperties) = preSolution
		HideSolutionNode = FALSE
	EndGlobalSection
	GlobalSection(ExtensibilityGlobals) = postSolution
		SolutionGuid = {9F93FDC3-FECB-48B1-A046-531EF24F64B6}
	EndGlobalSection
EndGlobal
